// !$*UTF8*$!
{
	archiveVersion = 1;
	classes = {
	};
	objectVersion = 46;
	objects = {

/* Begin PBXBuildFile section */
		25132F001AE4709100C9CEF2 /* main.m in Sources */ = {isa = PBXBuildFile; fileRef = 25132EFF1AE4709100C9CEF2 /* main.m */; };
		25132F031AE4709100C9CEF2 /* AppDelegate.m in Sources */ = {isa = PBXBuildFile; fileRef = 25132F021AE4709100C9CEF2 /* AppDelegate.m */; };
		25132F0C1AE4709100C9CEF2 /* Main.storyboard in Resources */ = {isa = PBXBuildFile; fileRef = 25132F0A1AE4709100C9CEF2 /* Main.storyboard */; };
		25132F0E1AE4709100C9CEF2 /* Images.xcassets in Resources */ = {isa = PBXBuildFile; fileRef = 25132F0D1AE4709100C9CEF2 /* Images.xcassets */; };
		25132F111AE4709100C9CEF2 /* LaunchScreen.xib in Resources */ = {isa = PBXBuildFile; fileRef = 25132F0F1AE4709100C9CEF2 /* LaunchScreen.xib */; };
		25132F1D1AE4709100C9CEF2 /* HW2_ViewControllerTests.m in Sources */ = {isa = PBXBuildFile; fileRef = 25132F1C1AE4709100C9CEF2 /* HW2_ViewControllerTests.m */; };
		25132F2D1AE470BD00C9CEF2 /* colors.png in Resources */ = {isa = PBXBuildFile; fileRef = 25132F271AE470BD00C9CEF2 /* colors.png */; };
		25132F2E1AE470BD00C9CEF2 /* colors@2x.png in Resources */ = {isa = PBXBuildFile; fileRef = 25132F281AE470BD00C9CEF2 /* colors@2x.png */; };
		25132F2F1AE470BD00C9CEF2 /* data.png in Resources */ = {isa = PBXBuildFile; fileRef = 25132F291AE470BD00C9CEF2 /* data.png */; };
		25132F301AE470BD00C9CEF2 /* data@2x.png in Resources */ = {isa = PBXBuildFile; fileRef = 25132F2A1AE470BD00C9CEF2 /* data@2x.png */; };
		25132F311AE470BD00C9CEF2 /* UIColor+UWExtensions.m in Sources */ = {isa = PBXBuildFile; fileRef = 25132F2C1AE470BD00C9CEF2 /* UIColor+UWExtensions.m */; };
		25132F381AE470CF00C9CEF2 /* ColorDisplayViewController.m in Sources */ = {isa = PBXBuildFile; fileRef = 25132F331AE470CF00C9CEF2 /* ColorDisplayViewController.m */; };
		25132F391AE470CF00C9CEF2 /* ColorTabViewController.m in Sources */ = {isa = PBXBuildFile; fileRef = 25132F351AE470CF00C9CEF2 /* ColorTabViewController.m */; };
		25132F3A1AE470CF00C9CEF2 /* DataTabViewController.m in Sources */ = {isa = PBXBuildFile; fileRef = 25132F371AE470CF00C9CEF2 /* DataTabViewController.m */; };
/* End PBXBuildFile section */

/* Begin PBXContainerItemProxy section */
		25132F171AE4709100C9CEF2 /* PBXContainerItemProxy */ = {
			isa = PBXContainerItemProxy;
			containerPortal = 25132EF21AE4709000C9CEF2 /* Project object */;
			proxyType = 1;
			remoteGlobalIDString = 25132EF91AE4709100C9CEF2;
			remoteInfo = HW2_ViewController;
		};
/* End PBXContainerItemProxy section */

/* Begin PBXFileReference section */
		25132EFA1AE4709100C9CEF2 /* HW2_ViewController.app */ = {isa = PBXFileReference; explicitFileType = wrapper.application; includeInIndex = 0; path = HW2_ViewController.app; sourceTree = BUILT_PRODUCTS_DIR; };
		25132EFE1AE4709100C9CEF2 /* Info.plist */ = {isa = PBXFileReference; lastKnownFileType = text.plist.xml; path = Info.plist; sourceTree = "<group>"; };
		25132EFF1AE4709100C9CEF2 /* main.m */ = {isa = PBXFileReference; lastKnownFileType = sourcecode.c.objc; path = main.m; sourceTree = "<group>"; };
		25132F011AE4709100C9CEF2 /* AppDelegate.h */ = {isa = PBXFileReference; lastKnownFileType = sourcecode.c.h; path = AppDelegate.h; sourceTree = "<group>"; };
		25132F021AE4709100C9CEF2 /* AppDelegate.m */ = {isa = PBXFileReference; lastKnownFileType = sourcecode.c.objc; path = AppDelegate.m; sourceTree = "<group>"; };
		25132F0B1AE4709100C9CEF2 /* Base */ = {isa = PBXFileReference; lastKnownFileType = file.storyboard; name = Base; path = Base.lproj/Main.storyboard; sourceTree = "<group>"; };
		25132F0D1AE4709100C9CEF2 /* Images.xcassets */ = {isa = PBXFileReference; lastKnownFileType = folder.assetcatalog; path = Images.xcassets; sourceTree = "<group>"; };
		25132F101AE4709100C9CEF2 /* Base */ = {isa = PBXFileReference; lastKnownFileType = file.xib; name = Base; path = Base.lproj/LaunchScreen.xib; sourceTree = "<group>"; };
		25132F161AE4709100C9CEF2 /* HW2_ViewControllerTests.xctest */ = {isa = PBXFileReference; explicitFileType = wrapper.cfbundle; includeInIndex = 0; path = HW2_ViewControllerTests.xctest; sourceTree = BUILT_PRODUCTS_DIR; };
		25132F1B1AE4709100C9CEF2 /* Info.plist */ = {isa = PBXFileReference; lastKnownFileType = text.plist.xml; path = Info.plist; sourceTree = "<group>"; };
		25132F1C1AE4709100C9CEF2 /* HW2_ViewControllerTests.m */ = {isa = PBXFileReference; lastKnownFileType = sourcecode.c.objc; path = HW2_ViewControllerTests.m; sourceTree = "<group>"; };
		25132F271AE470BD00C9CEF2 /* colors.png */ = {isa = PBXFileReference; lastKnownFileType = image.png; path = colors.png; sourceTree = "<group>"; };
		25132F281AE470BD00C9CEF2 /* colors@2x.png */ = {isa = PBXFileReference; lastKnownFileType = image.png; path = "colors@2x.png"; sourceTree = "<group>"; };
		25132F291AE470BD00C9CEF2 /* data.png */ = {isa = PBXFileReference; lastKnownFileType = image.png; path = data.png; sourceTree = "<group>"; };
		25132F2A1AE470BD00C9CEF2 /* data@2x.png */ = {isa = PBXFileReference; lastKnownFileType = image.png; path = "data@2x.png"; sourceTree = "<group>"; };
		25132F2B1AE470BD00C9CEF2 /* UIColor+UWExtensions.h */ = {isa = PBXFileReference; fileEncoding = 4; lastKnownFileType = sourcecode.c.h; path = "UIColor+UWExtensions.h"; sourceTree = "<group>"; };
		25132F2C1AE470BD00C9CEF2 /* UIColor+UWExtensions.m */ = {isa = PBXFileReference; fileEncoding = 4; lastKnownFileType = sourcecode.c.objc; path = "UIColor+UWExtensions.m"; sourceTree = "<group>"; };
		25132F321AE470CF00C9CEF2 /* ColorDisplayViewController.h */ = {isa = PBXFileReference; fileEncoding = 4; lastKnownFileType = sourcecode.c.h; path = ColorDisplayViewController.h; sourceTree = "<group>"; };
		25132F331AE470CF00C9CEF2 /* ColorDisplayViewController.m */ = {isa = PBXFileReference; fileEncoding = 4; lastKnownFileType = sourcecode.c.objc; path = ColorDisplayViewController.m; sourceTree = "<group>"; };
		25132F341AE470CF00C9CEF2 /* ColorTabViewController.h */ = {isa = PBXFileReference; fileEncoding = 4; lastKnownFileType = sourcecode.c.h; path = ColorTabViewController.h; sourceTree = "<group>"; };
		25132F351AE470CF00C9CEF2 /* ColorTabViewController.m */ = {isa = PBXFileReference; fileEncoding = 4; lastKnownFileType = sourcecode.c.objc; path = ColorTabViewController.m; sourceTree = "<group>"; };
		25132F361AE470CF00C9CEF2 /* DataTabViewController.h */ = {isa = PBXFileReference; fileEncoding = 4; lastKnownFileType = sourcecode.c.h; path = DataTabViewController.h; sourceTree = "<group>"; };
		25132F371AE470CF00C9CEF2 /* DataTabViewController.m */ = {isa = PBXFileReference; fileEncoding = 4; lastKnownFileType = sourcecode.c.objc; path = DataTabViewController.m; sourceTree = "<group>"; };
/* End PBXFileReference section */

/* Begin PBXFrameworksBuildPhase section */
		25132EF71AE4709100C9CEF2 /* Frameworks */ = {
			isa = PBXFrameworksBuildPhase;
			buildActionMask = 2147483647;
			files = (
			);
			runOnlyForDeploymentPostprocessing = 0;
		};
		25132F131AE4709100C9CEF2 /* Frameworks */ = {
			isa = PBXFrameworksBuildPhase;
			buildActionMask = 2147483647;
			files = (
			);
			runOnlyForDeploymentPostprocessing = 0;
		};
/* End PBXFrameworksBuildPhase section */

/* Begin PBXGroup section */
		25132EF11AE4709000C9CEF2 = {
			isa = PBXGroup;
			children = (
				25132EFC1AE4709100C9CEF2 /* HW2_ViewController */,
				25132F191AE4709100C9CEF2 /* HW2_ViewControllerTests */,
				25132EFB1AE4709100C9CEF2 /* Products */,
			);
			sourceTree = "<group>";
		};
		25132EFB1AE4709100C9CEF2 /* Products */ = {
			isa = PBXGroup;
			children = (
				25132EFA1AE4709100C9CEF2 /* HW2_ViewController.app */,
				25132F161AE4709100C9CEF2 /* HW2_ViewControllerTests.xctest */,
			);
			name = Products;
			sourceTree = "<group>";
		};
		25132EFC1AE4709100C9CEF2 /* HW2_ViewController */ = {
			isa = PBXGroup;
			children = (
				25132F3B1AE470D500C9CEF2 /* ViewController */,
				25132F261AE470BD00C9CEF2 /* Assets */,
				25132F011AE4709100C9CEF2 /* AppDelegate.h */,
				25132F021AE4709100C9CEF2 /* AppDelegate.m */,
				25132F0A1AE4709100C9CEF2 /* Main.storyboard */,
				25132F0D1AE4709100C9CEF2 /* Images.xcassets */,
				25132F0F1AE4709100C9CEF2 /* LaunchScreen.xib */,
				25132EFD1AE4709100C9CEF2 /* Supporting Files */,
			);
			path = HW2_ViewController;
			sourceTree = "<group>";
		};
		25132EFD1AE4709100C9CEF2 /* Supporting Files */ = {
			isa = PBXGroup;
			children = (
				25132EFE1AE4709100C9CEF2 /* Info.plist */,
				25132EFF1AE4709100C9CEF2 /* main.m */,
			);
			name = "Supporting Files";
			sourceTree = "<group>";
		};
		25132F191AE4709100C9CEF2 /* HW2_ViewControllerTests */ = {
			isa = PBXGroup;
			children = (
				25132F1C1AE4709100C9CEF2 /* HW2_ViewControllerTests.m */,
				25132F1A1AE4709100C9CEF2 /* Supporting Files */,
			);
			path = HW2_ViewControllerTests;
			sourceTree = "<group>";
		};
		25132F1A1AE4709100C9CEF2 /* Supporting Files */ = {
			isa = PBXGroup;
			children = (
				25132F1B1AE4709100C9CEF2 /* Info.plist */,
			);
			name = "Supporting Files";
			sourceTree = "<group>";
		};
		25132F261AE470BD00C9CEF2 /* Assets */ = {
			isa = PBXGroup;
			children = (
				25132F271AE470BD00C9CEF2 /* colors.png */,
				25132F281AE470BD00C9CEF2 /* colors@2x.png */,
				25132F291AE470BD00C9CEF2 /* data.png */,
				25132F2A1AE470BD00C9CEF2 /* data@2x.png */,
				25132F2B1AE470BD00C9CEF2 /* UIColor+UWExtensions.h */,
				25132F2C1AE470BD00C9CEF2 /* UIColor+UWExtensions.m */,
			);
			path = Assets;
			sourceTree = "<group>";
		};
		25132F3B1AE470D500C9CEF2 /* ViewController */ = {
			isa = PBXGroup;
			children = (
				25132F321AE470CF00C9CEF2 /* ColorDisplayViewController.h */,
				25132F331AE470CF00C9CEF2 /* ColorDisplayViewController.m */,
				25132F341AE470CF00C9CEF2 /* ColorTabViewController.h */,
				25132F351AE470CF00C9CEF2 /* ColorTabViewController.m */,
				25132F361AE470CF00C9CEF2 /* DataTabViewController.h */,
				25132F371AE470CF00C9CEF2 /* DataTabViewController.m */,
			);
			name = ViewController;
			sourceTree = "<group>";
		};
/* End PBXGroup section */

/* Begin PBXNativeTarget section */
		25132EF91AE4709100C9CEF2 /* HW2_ViewController */ = {
			isa = PBXNativeTarget;
			buildConfigurationList = 25132F201AE4709100C9CEF2 /* Build configuration list for PBXNativeTarget "HW2_ViewController" */;
			buildPhases = (
				25132EF61AE4709100C9CEF2 /* Sources */,
				25132EF71AE4709100C9CEF2 /* Frameworks */,
				25132EF81AE4709100C9CEF2 /* Resources */,
			);
			buildRules = (
			);
			dependencies = (
			);
			name = HW2_ViewController;
			productName = HW2_ViewController;
			productReference = 25132EFA1AE4709100C9CEF2 /* HW2_ViewController.app */;
			productType = "com.apple.product-type.application";
		};
		25132F151AE4709100C9CEF2 /* HW2_ViewControllerTests */ = {
			isa = PBXNativeTarget;
			buildConfigurationList = 25132F231AE4709100C9CEF2 /* Build configuration list for PBXNativeTarget "HW2_ViewControllerTests" */;
			buildPhases = (
				25132F121AE4709100C9CEF2 /* Sources */,
				25132F131AE4709100C9CEF2 /* Frameworks */,
				25132F141AE4709100C9CEF2 /* Resources */,
			);
			buildRules = (
			);
			dependencies = (
				25132F181AE4709100C9CEF2 /* PBXTargetDependency */,
			);
			name = HW2_ViewControllerTests;
			productName = HW2_ViewControllerTests;
			productReference = 25132F161AE4709100C9CEF2 /* HW2_ViewControllerTests.xctest */;
			productType = "com.apple.product-type.bundle.unit-test";
		};
/* End PBXNativeTarget section */

/* Begin PBXProject section */
		25132EF21AE4709000C9CEF2 /* Project object */ = {
			isa = PBXProject;
			attributes = {
				LastUpgradeCheck = 0610;
				ORGANIZATIONNAME = "Man, Keren";
				TargetAttributes = {
					25132EF91AE4709100C9CEF2 = {
						CreatedOnToolsVersion = 6.1.1;
					};
					25132F151AE4709100C9CEF2 = {
						CreatedOnToolsVersion = 6.1.1;
						TestTargetID = 25132EF91AE4709100C9CEF2;
					};
				};
			};
			buildConfigurationList = 25132EF51AE4709000C9CEF2 /* Build configuration list for PBXProject "HW2_ViewController" */;
			compatibilityVersion = "Xcode 3.2";
			developmentRegion = English;
			hasScannedForEncodings = 0;
			knownRegions = (
				en,
				Base,
			);
			mainGroup = 25132EF11AE4709000C9CEF2;
			productRefGroup = 25132EFB1AE4709100C9CEF2 /* Products */;
			projectDirPath = "";
			projectRoot = "";
			targets = (
				25132EF91AE4709100C9CEF2 /* HW2_ViewController */,
				25132F151AE4709100C9CEF2 /* HW2_ViewControllerTests */,
			);
		};
/* End PBXProject section */

/* Begin PBXResourcesBuildPhase section */
		25132EF81AE4709100C9CEF2 /* Resources */ = {
			isa = PBXResourcesBuildPhase;
			buildActionMask = 2147483647;
			files = (
				25132F2E1AE470BD00C9CEF2 /* colors@2x.png in Resources */,
				25132F0C1AE4709100C9CEF2 /* Main.storyboard in Resources */,
				25132F111AE4709100C9CEF2 /* LaunchScreen.xib in Resources */,
				25132F0E1AE4709100C9CEF2 /* Images.xcassets in Resources */,
				25132F2D1AE470BD00C9CEF2 /* colors.png in Resources */,
				25132F2F1AE470BD00C9CEF2 /* data.png in Resources */,
				25132F301AE470BD00C9CEF2 /* data@2x.png in Resources */,
			);
			runOnlyForDeploymentPostprocessing = 0;
		};
		25132F141AE4709100C9CEF2 /* Resources */ = {
			isa = PBXResourcesBuildPhase;
			buildActionMask = 2147483647;
			files = (
			);
			runOnlyForDeploymentPostprocessing = 0;
		};
/* End PBXResourcesBuildPhase section */

/* Begin PBXSourcesBuildPhase section */
		25132EF61AE4709100C9CEF2 /* Sources */ = {
			isa = PBXSourcesBuildPhase;
			buildActionMask = 2147483647;
			files = (
				25132F311AE470BD00C9CEF2 /* UIColor+UWExtensions.m in Sources */,
				25132F3A1AE470CF00C9CEF2 /* DataTabViewController.m in Sources */,
				25132F391AE470CF00C9CEF2 /* ColorTabViewController.m in Sources */,
				25132F031AE4709100C9CEF2 /* AppDelegate.m in Sources */,
				25132F381AE470CF00C9CEF2 /* ColorDisplayViewController.m in Sources */,
				25132F001AE4709100C9CEF2 /* main.m in Sources */,
			);
			runOnlyForDeploymentPostprocessing = 0;
		};
		25132F121AE4709100C9CEF2 /* Sources */ = {
			isa = PBXSourcesBuildPhase;
			buildActionMask = 2147483647;
			files = (
				25132F1D1AE4709100C9CEF2 /* HW2_ViewControllerTests.m in Sources */,
			);
			runOnlyForDeploymentPostprocessing = 0;
		};
/* End PBXSourcesBuildPhase section */

/* Begin PBXTargetDependency section */
		25132F181AE4709100C9CEF2 /* PBXTargetDependency */ = {
			isa = PBXTargetDependency;
			target = 25132EF91AE4709100C9CEF2 /* HW2_ViewController */;
			targetProxy = 25132F171AE4709100C9CEF2 /* PBXContainerItemProxy */;
		};
/* End PBXTargetDependency section */

/* Begin PBXVariantGroup section */
		25132F0A1AE4709100C9CEF2 /* Main.storyboard */ = {
			isa = PBXVariantGroup;
			children = (
				25132F0B1AE4709100C9CEF2 /* Base */,
			);
			name = Main.storyboard;
			sourceTree = "<group>";
		};
		25132F0F1AE4709100C9CEF2 /* LaunchScreen.xib */ = {
			isa = PBXVariantGroup;
			children = (
				25132F101AE4709100C9CEF2 /* Base */,
			);
			name = LaunchScreen.xib;
			sourceTree = "<group>";
		};
/* End PBXVariantGroup section */

/* Begin XCBuildConfiguration section */
		25132F1E1AE4709100C9CEF2 /* Debug */ = {
			isa = XCBuildConfiguration;
			buildSettings = {
				ALWAYS_SEARCH_USER_PATHS = NO;
				CLANG_CXX_LANGUAGE_STANDARD = "gnu++0x";
				CLANG_CXX_LIBRARY = "libc++";
				CLANG_ENABLE_MODULES = YES;
				CLANG_ENABLE_OBJC_ARC = YES;
				CLANG_WARN_BOOL_CONVERSION = YES;
				CLANG_WARN_CONSTANT_CONVERSION = YES;
				CLANG_WARN_DIRECT_OBJC_ISA_USAGE = YES_ERROR;
				CLANG_WARN_EMPTY_BODY = YES;
				CLANG_WARN_ENUM_CONVERSION = YES;
				CLANG_WARN_INT_CONVERSION = YES;
				CLANG_WARN_OBJC_ROOT_CLASS = YES_ERROR;
				CLANG_WARN_UNREACHABLE_CODE = YES;
				CLANG_WARN__DUPLICATE_METHOD_MATCH = YES;
				"CODE_SIGN_IDENTITY[sdk=iphoneos*]" = "iPhone Developer";
				COPY_PHASE_STRIP = NO;
				ENABLE_STRICT_OBJC_MSGSEND = YES;
				GCC_C_LANGUAGE_STANDARD = gnu99;
				GCC_DYNAMIC_NO_PIC = NO;
				GCC_OPTIMIZATION_LEVEL = 0;
				GCC_PREPROCESSOR_DEFINITIONS = (
					"DEBUG=1",
					"$(inherited)",
				);
				GCC_SYMBOLS_PRIVATE_EXTERN = NO;
				GCC_WARN_64_TO_32_BIT_CONVERSION = YES;
				GCC_WARN_ABOUT_RETURN_TYPE = YES_ERROR;
				GCC_WARN_UNDECLARED_SELECTOR = YES;
				GCC_WARN_UNINITIALIZED_AUTOS = YES_AGGRESSIVE;
				GCC_WARN_UNUSED_FUNCTION = YES;
				GCC_WARN_UNUSED_VARIABLE = YES;
				IPHONEOS_DEPLOYMENT_TARGET = 8.1;
				MTL_ENABLE_DEBUG_INFO = YES;
				ONLY_ACTIVE_ARCH = YES;
				SDKROOT = iphoneos;
				TARGETED_DEVICE_FAMILY = "1,2";
			};
			name = Debug;
		};
		25132F1F1AE4709100C9CEF2 /* Release */ = {
			isa = XCBuildConfiguration;
			buildSettings = {
				ALWAYS_SEARCH_USER_PATHS = NO;
				CLANG_CXX_LANGUAGE_STANDARD = "gnu++0x";
				CLANG_CXX_LIBRARY = "libc++";
				CLANG_ENABLE_MODULES = YES;
				CLANG_ENABLE_OBJC_ARC = YES;
				CLANG_WARN_BOOL_CONVERSION = YES;
				CLANG_WARN_CONSTANT_CONVERSION = YES;
				CLANG_WARN_DIRECT_OBJC_ISA_USAGE = YES_ERROR;
				CLANG_WARN_EMPTY_BODY = YES;
				CLANG_WARN_ENUM_CONVERSION = YES;
				CLANG_WARN_INT_CONVERSION = YES;
				CLANG_WARN_OBJC_ROOT_CLASS = YES_ERROR;
				CLANG_WARN_UNREACHABLE_CODE = YES;
				CLANG_WARN__DUPLICATE_METHOD_MATCH = YES;
				"CODE_SIGN_IDENTITY[sdk=iphoneos*]" = "iPhone Developer";
				COPY_PHASE_STRIP = YES;
				ENABLE_NS_ASSERTIONS = NO;
				ENABLE_STRICT_OBJC_MSGSEND = YES;
				GCC_C_LANGUAGE_STANDARD = gnu99;
				GCC_WARN_64_TO_32_BIT_CONVERSION = YES;
				GCC_WARN_ABOUT_RETURN_TYPE = YES_ERROR;
				GCC_WARN_UNDECLARED_SELECTOR = YES;
				GCC_WARN_UNINITIALIZED_AUTOS = YES_AGGRESSIVE;
				GCC_WARN_UNUSED_FUNCTION = YES;
				GCC_WARN_UNUSED_VARIABLE = YES;
				IPHONEOS_DEPLOYMENT_TARGET = 8.1;
				MTL_ENABLE_DEBUG_INFO = NO;
				SDKROOT = iphoneos;
				TARGETED_DEVICE_FAMILY = "1,2";
				VALIDATE_PRODUCT = YES;
			};
			name = Release;
		};
		25132F211AE4709100C9CEF2 /* Debug */ = {
			isa = XCBuildConfiguration;
			buildSettings = {
				ASSETCATALOG_COMPILER_APPICON_NAME = AppIcon;
				INFOPLIST_FILE = HW2_ViewController/Info.plist;
				LD_RUNPATH_SEARCH_PATHS = "$(inherited) @executable_path/Frameworks";
				PRODUCT_NAME = "$(TARGET_NAME)";
			};
			name = Debug;
		};
		25132F221AE4709100C9CEF2 /* Release */ = {
			isa = XCBuildConfiguration;
			buildSettings = {
				ASSETCATALOG_COMPILER_APPICON_NAME = AppIcon;
				INFOPLIST_FILE = HW2_ViewController/Info.plist;
				LD_RUNPATH_SEARCH_PATHS = "$(inherited) @executable_path/Frameworks";
				PRODUCT_NAME = "$(TARGET_NAME)";
			};
			name = Release;
		};
		25132F241AE4709100C9CEF2 /* Debug */ = {
			isa = XCBuildConfiguration;
			buildSettings = {
				BUNDLE_LOADER = "$(TEST_HOST)";
				FRAMEWORK_SEARCH_PATHS = (
					"$(SDKROOT)/Developer/Library/Frameworks",
					"$(inherited)",
				);
				GCC_PREPROCESSOR_DEFINITIONS = (
					"DEBUG=1",
					"$(inherited)",
				);
				INFOPLIST_FILE = HW2_ViewControllerTests/Info.plist;
				LD_RUNPATH_SEARCH_PATHS = "$(inherited) @executable_path/Frameworks @loader_path/Frameworks";
				PRODUCT_NAME = "$(TARGET_NAME)";
				TEST_HOST = "$(BUILT_PRODUCTS_DIR)/HW2_ViewController.app/HW2_ViewController";
			};
			name = Debug;
		};
		25132F251AE4709100C9CEF2 /* Release */ = {
			isa = XCBuildConfiguration;
			buildSettings = {
				BUNDLE_LOADER = "$(TEST_HOST)";
				FRAMEWORK_SEARCH_PATHS = (
					"$(SDKROOT)/Developer/Library/Frameworks",
					"$(inherited)",
				);
				INFOPLIST_FILE = HW2_ViewControllerTests/Info.plist;
				LD_RUNPATH_SEARCH_PATHS = "$(inherited) @executable_path/Frameworks @loader_path/Frameworks";
				PRODUCT_NAME = "$(TARGET_NAME)";
				TEST_HOST = "$(BUILT_PRODUCTS_DIR)/HW2_ViewController.app/HW2_ViewController";
			};
			name = Release;
		};
/* End XCBuildConfiguration section */

/* Begin XCConfigurationList section */
		25132EF51AE4709000C9CEF2 /* Build configuration list for PBXProject "HW2_ViewController" */ = {
			isa = XCConfigurationList;
			buildConfigurations = (
				25132F1E1AE4709100C9CEF2 /* Debug */,
				25132F1F1AE4709100C9CEF2 /* Release */,
			);
			defaultConfigurationIsVisible = 0;
			defaultConfigurationName = Release;
		};
		25132F201AE4709100C9CEF2 /* Build configuration list for PBXNativeTarget "HW2_ViewController" */ = {
			isa = XCConfigurationList;
			buildConfigurations = (
				25132F211AE4709100C9CEF2 /* Debug */,
				25132F221AE4709100C9CEF2 /* Release */,
			);
			defaultConfigurationIsVisible = 0;
		};
		25132F231AE4709100C9CEF2 /* Build configuration list for PBXNativeTarget "HW2_ViewControllerTests" */ = {
			isa = XCConfigurationList;
			buildConfigurations = (
				25132F241AE4709100C9CEF2 /* Debug */,
				25132F251AE4709100C9CEF2 /* Release */,
			);
			defaultConfigurationIsVisible = 0;
		};
/* End XCConfigurationList section */
	};
	rootObject = 25132EF21AE4709000C9CEF2 /* Project object */;
}
